PODS:
  - Google-Mobile-Ads-SDK (7.44.0):
    - GoogleAppMeasurement (~> 6.0)
  - GoogleAppMeasurement (6.0.1):
    - GoogleUtilities/AppDelegateSwizzler (~> 6.0)
    - GoogleUtilities/MethodSwizzler (~> 6.0)
    - GoogleUtilities/Network (~> 6.0)
    - "GoogleUtilities/NSData+zlib (~> 6.0)"
    - nanopb (~> 0.3)
  - GoogleUtilities/AppDelegateSwizzler (6.1.0):
    - GoogleUtilities/Environment
    - GoogleUtilities/Logger
    - GoogleUtilities/Network
  - GoogleUtilities/Environment (6.1.0)
  - GoogleUtilities/Logger (6.1.0):
    - GoogleUtilities/Environment
  - GoogleUtilities/MethodSwizzler (6.1.0):
    - GoogleUtilities/Logger
  - GoogleUtilities/Network (6.1.0):
    - GoogleUtilities/Logger
    - "GoogleUtilities/NSData+zlib"
    - GoogleUtilities/Reachability
  - "GoogleUtilities/NSData+zlib (6.1.0)"
  - GoogleUtilities/Reachability (6.1.0):
    - GoogleUtilities/Logger
  - nanopb (0.3.901):
    - nanopb/decode (= 0.3.901)
    - nanopb/encode (= 0.3.901)
  - nanopb/decode (0.3.901)
  - nanopb/encode (0.3.901)
  - ProgressHUD (2.60)
  - TesseractOCRiOS (4.0.0)

DEPENDENCIES:
  - Google-Mobile-Ads-SDK
  - ProgressHUD
  - TesseractOCRiOS (from `git://github.com/parallaxe/Tesseract-OCR-iOS.git`, branch `macos-support`)

SPEC REPOS:
  https://github.com/cocoapods/specs.git:
    - Google-Mobile-Ads-SDK
    - GoogleAppMeasurement
    - GoogleUtilities
    - nanopb
    - ProgressHUD

EXTERNAL SOURCES:
  TesseractOCRiOS:
    :branch: macos-support
    :git: git://github.com/parallaxe/Tesseract-OCR-iOS.git

CHECKOUT OPTIONS:
  TesseractOCRiOS:
    :commit: d16bb14e136d875bd5a519febe9e3c103d212647
    :git: git://github.com/parallaxe/Tesseract-OCR-iOS.git

SPEC CHECKSUMS:
  Google-Mobile-Ads-SDK: 1e72b4f438d997ab0f2ee62b3a7b0cbcc87c47cb
  GoogleAppMeasurement: 51d8d9ea48f0ca44484d29cfbdef976fbd4fc336
  GoogleUtilities: 84df567c76ca84f67b7bb40e769fdd4acc746a10
  nanopb: 2901f78ea1b7b4015c860c2fdd1ea2fee1a18d48
  ProgressHUD: 4e4efbaf4f5de8bd32e0c4c3b6644a90ea1a8c3e
  TesseractOCRiOS: f51bbcd27d84b9ac59950790413a7e4219e84483

PODFILE CHECKSUM: 67ce066f177135be4078e4eee94a083b59401ba5

COCOAPODS: 1.6.1
